
Microsoft Visual Studio Solution File, Format Version 11.00
# Visual Studio 2010
Project("{FAE04EC0-301F-11D3-BF4B-00C04F79EFBC}") = "Assembly-CSharp", "Assembly-CSharp.csproj", "{343C53CD-BEA9-3FF5-2DF9-0B7691835E0D}"
EndProject
Project("{FAE04EC0-301F-11D3-BF4B-00C04F79EFBC}") = "Assembly-CSharp-Editor", "Assembly-CSharp-Editor.csproj", "{C23FB9B6-44E2-7117-F30A-839554377819}"
EndProject
Global
	GlobalSection(SolutionConfigurationPlatforms) = preSolution
		Debug|Any CPU = Debug|Any CPU
		Release|Any CPU = Release|Any CPU
	EndGlobalSection
	GlobalSection(ProjectConfigurationPlatforms) = postSolution
		{343C53CD-BEA9-3FF5-2DF9-0B7691835E0D}.Debug|Any CPU.ActiveCfg = Debug|Any CPU
		{343C53CD-BEA9-3FF5-2DF9-0B7691835E0D}.Debug|Any CPU.Build.0 = Debug|Any CPU
		{343C53CD-BEA9-3FF5-2DF9-0B7691835E0D}.Release|Any CPU.ActiveCfg = Release|Any CPU
		{343C53CD-BEA9-3FF5-2DF9-0B7691835E0D}.Release|Any CPU.Build.0 = Release|Any CPU
		{C23FB9B6-44E2-7117-F30A-839554377819}.Debug|Any CPU.ActiveCfg = Debug|Any CPU
		{C23FB9B6-44E2-7117-F30A-839554377819}.Debug|Any CPU.Build.0 = Debug|Any CPU
		{C23FB9B6-44E2-7117-F30A-839554377819}.Release|Any CPU.ActiveCfg = Release|Any CPU
		{C23FB9B6-44E2-7117-F30A-839554377819}.Release|Any CPU.Build.0 = Release|Any CPU
	EndGlobalSection
	GlobalSection(SolutionProperties) = preSolution
		HideSolutionNode = FALSE
	EndGlobalSection
EndGlobal
